
Microsoft Visual Studio Solution File, Format Version 12.00
# Visual Studio Version 17
VisualStudioVersion = 17.8.34511.84
MinimumVisualStudioVersion = 10.0.40219.1
Project("{FAE04EC0-301F-11D3-BF4B-00C04F79EFBC}") = "Inventory-API", "Inventory-API.csproj", "{783CDE61-E704-4752-843A-2FC483DDD2F0}"
EndProject
Global
	GlobalSection(SolutionConfigurationPlatforms) = preSolution
		Debug|Any CPU = Debug|Any CPU
		Release|Any CPU = Release|Any CPU
	EndGlobalSection
	GlobalSection(ProjectConfigurationPlatforms) = postSolution
		{783CDE61-E704-4752-843A-2FC483DDD2F0}.Debug|Any CPU.ActiveCfg = Debug|Any CPU
		{783CDE61-E704-4752-843A-2FC483DDD2F0}.Debug|Any CPU.Build.0 = Debug|Any CPU
		{783CDE61-E704-4752-843A-2FC483DDD2F0}.Release|Any CPU.ActiveCfg = Release|Any CPU
		{783CDE61-E704-4752-843A-2FC483DDD2F0}.Release|Any CPU.Build.0 = Release|Any CPU
	EndGlobalSection
	GlobalSection(SolutionProperties) = preSolution
		HideSolutionNode = FALSE
	EndGlobalSection
	GlobalSection(ExtensibilityGlobals) = postSolution
		SolutionGuid = {0C14DB12-AEB5-4232-9864-2207B0A7F19F}
	EndGlobalSection
EndGlobal
